
Microsoft Visual Studio Solution File, Format Version 12.00
# Visual Studio 15
VisualStudioVersion = 15.0.28307.572
MinimumVisualStudioVersion = 10.0.40219.1
Project("{FAE04EC0-301F-11D3-BF4B-00C04F79EFBC}") = "MVCgame", "MVCgame\MVCgame.csproj", "{AB6DB2F5-7F7F-465B-ACC5-964879506A05}"
EndProject
Global
	GlobalSection(SolutionConfigurationPlatforms) = preSolution
		Debug|Any CPU = Debug|Any CPU
		Release|Any CPU = Release|Any CPU
	EndGlobalSection
	GlobalSection(ProjectConfigurationPlatforms) = postSolution
		{AB6DB2F5-7F7F-465B-ACC5-964879506A05}.Debug|Any CPU.ActiveCfg = Debug|Any CPU
		{AB6DB2F5-7F7F-465B-ACC5-964879506A05}.Debug|Any CPU.Build.0 = Debug|Any CPU
		{AB6DB2F5-7F7F-465B-ACC5-964879506A05}.Release|Any CPU.ActiveCfg = Release|Any CPU
		{AB6DB2F5-7F7F-465B-ACC5-964879506A05}.Release|Any CPU.Build.0 = Release|Any CPU
	EndGlobalSection
	GlobalSection(SolutionProperties) = preSolution
		HideSolutionNode = FALSE
	EndGlobalSection
	GlobalSection(ExtensibilityGlobals) = postSolution
		SolutionGuid = {9CEC7F1C-A9B7-4CD8-A881-B47BAED4B0BF}
	EndGlobalSection
EndGlobal
